# forge skills inventory — AST10 hash pinning（forge skills inventory --lock 再生成）
canonical	adversarial-verification	6e3ea0c2c1b49efbcd1c2bce7198cda51f0c01792688d489fdd04648f9cfbdbe	skills/adversarial-verification/SKILL.md
canonical	agent-delegation	3e6706f096cfe57e6e015a5924c3b5a935cbd5d16e4324a92ae73228d5dfc652	skills/agent-delegation/SKILL.md
canonical	architecture-decision-record	d22dddc26b0272c5d39767073fb3778aa9265218af6cb08582e9b4b10f49db72	skills/architecture-decision-record/SKILL.md
canonical	backend-development	51832bbcca12ed552f49e933d3ddf7437b5922145c590d77169877a25b6dc0fd	skills/backend-development/SKILL.md
canonical	code-review-gate	f62531510e4e60e77b6a221b071309af99d68b586210a42b00ada2c76fb853a1	skills/code-review-gate/SKILL.md
canonical	compile-fix-loop	5f8a5111a195c0dc40a1d5a44fcf0097af12b61eec6592d31d27ddef527c450f	skills/compile-fix-loop/SKILL.md
canonical	cross-tool-context	89fd677f8dfe8d7d116b83b8d0ca97b6810dc11ae518091203cae0319a1d0245	skills/cross-tool-context/SKILL.md
canonical	database-design	0d373aea14e08fc53d608805b6b0eb7aac1f9292af89debec8f0ca3039ca99ee	skills/database-design/SKILL.md
canonical	dev-lookup	a761363e2b7955f06863522c6259078384b1ea04ab3196837943f8988a428113	skills/dev-lookup/SKILL.md
canonical	dev-workflow	ef657863bd9ff2f234b0fae2766f93a1d2ac53441682bc0e351b06b7656a70b8	skills/dev-workflow/SKILL.md
canonical	doc-generator	1ef314613c46f014e3a1acc372c4cd177a3c499d5486d84de90d72b88cbbc3c9	skills/doc-generator/SKILL.md
canonical	doc-review	905f83da28e7dab9e10ddf637c5aae68c5f2e1d11ec5cd59214f105d3f09ea35	skills/doc-review/SKILL.md
canonical	docs-consistency-guard	9c229cb774759bd90173030953aa7f09ec63f28894d7563e83f4e35a5c66d505	skills/docs-consistency-guard/SKILL.md
canonical	domain-modeling	1bbbf2ec4fc87d60e601e1524f1f02bf49f940fec241b469e681d581770a7842	skills/domain-modeling/SKILL.md
canonical	evidence-based-proposal	0453802b9df77f1a1d2500a1448c3af4fbf79af4f18ced01029a033a82ce687b	skills/evidence-based-proposal/SKILL.md
canonical	implementation-discipline	6ba300741b3aac4d9bed3e9ee3a114c240878d2d46c4b48c6eaa341478afc5dd	skills/implementation-discipline/SKILL.md
canonical	integration-test-architecture	8d2b52a22a3b014287f7028cc44fdb4df162cd5ab394d1ae90c48fd59a13be74	skills/integration-test-architecture/SKILL.md
canonical	merge-release-choreography	5d527e55beb850cdbb8256b72f6b97a25fc468751b3a08a824469a944b033c9b	skills/merge-release-choreography/SKILL.md
canonical	on-demand-guards	f36ed3324029d00b209a80116277128ec908a5dbbf8d3b89d6852671cc8aa96f	skills/on-demand-guards/SKILL.md
canonical	project-acceptance	f1255ce7960d0b9d2aa5b054eee2b900150e13dbf30735c8cf38be4de069f8ea	skills/project-acceptance/SKILL.md
canonical	prototype-confirmation	1f3af3cf510e9da8ca167884aeb931b8e6d294bf6316cb4b4d1e275a9ddade49	skills/prototype-confirmation/SKILL.md
canonical	requirement-clarification	dc385b4ccfee8ed798ff92770385ebde32fc4b8ea3644d9017b51166edafe9e2	skills/requirement-clarification/SKILL.md
canonical	research-workflow	8172bff275d588c214a42a41e7f4047a49936edea29cc3c007d83dbb18ce22ec	skills/research-workflow/SKILL.md
canonical	resilience-and-observability	07795e46db7f60b14d4b2eea6c9760f65b63740b66cef4516f6da695a0e96337	skills/resilience-and-observability/SKILL.md
canonical	reverse-engineering-patterns	a283fe9bd22454d2c687824384c10bc4a95b7256ed352ff7eaf76abc2d65151d	skills/reverse-engineering-patterns/SKILL.md
canonical	review-batch	51f50f07fa990b8e45e9e8191eb0fffa5958ecb9d0f2afa6f29d03d138dc624d	skills/review-batch/SKILL.md
canonical	rust-code-review	47271ac67f9d4615db1f9c486ca769663aaaa85dadfdedeeae6b00c7a0c4ab22	skills/rust-code-review/SKILL.md
canonical	secure-coding	729480a40c7f0759c5b1ad512e1d0b30392de1fe9c149d54fb53cec3e441cf76	skills/secure-coding/SKILL.md
canonical	session-continuity	5eefbf448b8bca7f12ec780126be73d1362094a3b0b31280a7f78f9df334c635	skills/session-continuity/SKILL.md
canonical	session-retrospective	2a79c0d3af90d7803cd9e4c4cb9d296a57b4235494597b01c4647685eb3b5503	skills/session-retrospective/SKILL.md
canonical	subagent-orchestration	c67bfb4a1af606b0af928009e45b14a2d6a8ea2417ba3e21ef0a860d3df3ff1a	skills/subagent-orchestration/SKILL.md
canonical	system-architecture	28ba25cd3be2478be1399b394ef4fd3ed71c5607ad182c06dadc1acbfe9af543	skills/system-architecture/SKILL.md
canonical	systematic-debugging	868e9ba56da4ff9a85f0d4d19fcace31ce4be318917295a6d92ebbc836026cc6	skills/systematic-debugging/SKILL.md
canonical	tdd-cycle	9417333de4896351e787fb1e52cde4ed421d43011f3e45d8cc26765033a1c9e7	skills/tdd-cycle/SKILL.md
canonical	test-discipline	a50555fe3bffd7813863dbfb5e0d820c6dfe61234781b33861f2a804ac3e213f	skills/test-discipline/SKILL.md
canonical	transcript-forensics	256167f4510a3f520bba85bcd7013c46430f8164a58e7629ba432fb69dd959d9	skills/transcript-forensics/SKILL.md
canonical	verification-driver	77b60c3ca58ae9266afa34e9252ff3d13651a022b9f0ba15892069276e0dfcf4	skills/verification-driver/SKILL.md
forge	release-readiness	5fab44d424e85b166f96ea350c7419f5982bb30af55b780d6c12403290f15ec0	skills-forge/release-readiness/SKILL.md
forge	skill-authoring-standard	7c584ab8fee5c2936e5606aff4546433de73aa522db612c32ef09ff64fe0046a	skills-forge/skill-authoring-standard/SKILL.md
forge	skill-evolution	16652c8d31cdc3176ac8ec2379e38fd69d577301284e4c1b72da251361f8dfab	skills-forge/skill-evolution/SKILL.md
forge	skill-routing	735bcddc31df099b2f6f0882f525d116953e20effa0918080ac768b746895aa7	skills-forge/skill-routing/SKILL.md
pack:forge	adversarial-verification	6e3ea0c2c1b49efbcd1c2bce7198cda51f0c01792688d489fdd04648f9cfbdbe	plugins/forge/skills/adversarial-verification/SKILL.md
pack:forge	agent-delegation	3e6706f096cfe57e6e015a5924c3b5a935cbd5d16e4324a92ae73228d5dfc652	plugins/forge/skills/agent-delegation/SKILL.md
pack:forge	architecture-decision-record	d22dddc26b0272c5d39767073fb3778aa9265218af6cb08582e9b4b10f49db72	plugins/forge/skills/architecture-decision-record/SKILL.md
pack:forge	backend-development	51832bbcca12ed552f49e933d3ddf7437b5922145c590d77169877a25b6dc0fd	plugins/forge/skills/backend-development/SKILL.md
pack:forge	code-review-gate	f62531510e4e60e77b6a221b071309af99d68b586210a42b00ada2c76fb853a1	plugins/forge/skills/code-review-gate/SKILL.md
pack:forge	compile-fix-loop	5f8a5111a195c0dc40a1d5a44fcf0097af12b61eec6592d31d27ddef527c450f	plugins/forge/skills/compile-fix-loop/SKILL.md
pack:forge	cross-tool-context	89fd677f8dfe8d7d116b83b8d0ca97b6810dc11ae518091203cae0319a1d0245	plugins/forge/skills/cross-tool-context/SKILL.md
pack:forge	database-design	0d373aea14e08fc53d608805b6b0eb7aac1f9292af89debec8f0ca3039ca99ee	plugins/forge/skills/database-design/SKILL.md
pack:forge	dev-lookup	a761363e2b7955f06863522c6259078384b1ea04ab3196837943f8988a428113	plugins/forge/skills/dev-lookup/SKILL.md
pack:forge	dev-workflow	ef657863bd9ff2f234b0fae2766f93a1d2ac53441682bc0e351b06b7656a70b8	plugins/forge/skills/dev-workflow/SKILL.md
pack:forge	doc-generator	1ef314613c46f014e3a1acc372c4cd177a3c499d5486d84de90d72b88cbbc3c9	plugins/forge/skills/doc-generator/SKILL.md
pack:forge	doc-review	905f83da28e7dab9e10ddf637c5aae68c5f2e1d11ec5cd59214f105d3f09ea35	plugins/forge/skills/doc-review/SKILL.md
pack:forge	docs-consistency-guard	9c229cb774759bd90173030953aa7f09ec63f28894d7563e83f4e35a5c66d505	plugins/forge/skills/docs-consistency-guard/SKILL.md
pack:forge	domain-modeling	1bbbf2ec4fc87d60e601e1524f1f02bf49f940fec241b469e681d581770a7842	plugins/forge/skills/domain-modeling/SKILL.md
pack:forge	evidence-based-proposal	0453802b9df77f1a1d2500a1448c3af4fbf79af4f18ced01029a033a82ce687b	plugins/forge/skills/evidence-based-proposal/SKILL.md
pack:forge	implementation-discipline	6ba300741b3aac4d9bed3e9ee3a114c240878d2d46c4b48c6eaa341478afc5dd	plugins/forge/skills/implementation-discipline/SKILL.md
pack:forge	integration-test-architecture	8d2b52a22a3b014287f7028cc44fdb4df162cd5ab394d1ae90c48fd59a13be74	plugins/forge/skills/integration-test-architecture/SKILL.md
pack:forge	merge-release-choreography	5d527e55beb850cdbb8256b72f6b97a25fc468751b3a08a824469a944b033c9b	plugins/forge/skills/merge-release-choreography/SKILL.md
pack:forge	on-demand-guards	f36ed3324029d00b209a80116277128ec908a5dbbf8d3b89d6852671cc8aa96f	plugins/forge/skills/on-demand-guards/SKILL.md
pack:forge	project-acceptance	f1255ce7960d0b9d2aa5b054eee2b900150e13dbf30735c8cf38be4de069f8ea	plugins/forge/skills/project-acceptance/SKILL.md
pack:forge	prototype-confirmation	1f3af3cf510e9da8ca167884aeb931b8e6d294bf6316cb4b4d1e275a9ddade49	plugins/forge/skills/prototype-confirmation/SKILL.md
pack:forge	release-readiness	5fab44d424e85b166f96ea350c7419f5982bb30af55b780d6c12403290f15ec0	plugins/forge/skills/release-readiness/SKILL.md
pack:forge	requirement-clarification	dc385b4ccfee8ed798ff92770385ebde32fc4b8ea3644d9017b51166edafe9e2	plugins/forge/skills/requirement-clarification/SKILL.md
pack:forge	research-workflow	8172bff275d588c214a42a41e7f4047a49936edea29cc3c007d83dbb18ce22ec	plugins/forge/skills/research-workflow/SKILL.md
pack:forge	resilience-and-observability	07795e46db7f60b14d4b2eea6c9760f65b63740b66cef4516f6da695a0e96337	plugins/forge/skills/resilience-and-observability/SKILL.md
pack:forge	reverse-engineering-patterns	a283fe9bd22454d2c687824384c10bc4a95b7256ed352ff7eaf76abc2d65151d	plugins/forge/skills/reverse-engineering-patterns/SKILL.md
pack:forge	review-batch	51f50f07fa990b8e45e9e8191eb0fffa5958ecb9d0f2afa6f29d03d138dc624d	plugins/forge/skills/review-batch/SKILL.md
pack:forge	rust-code-review	47271ac67f9d4615db1f9c486ca769663aaaa85dadfdedeeae6b00c7a0c4ab22	plugins/forge/skills/rust-code-review/SKILL.md
pack:forge	secure-coding	729480a40c7f0759c5b1ad512e1d0b30392de1fe9c149d54fb53cec3e441cf76	plugins/forge/skills/secure-coding/SKILL.md
pack:forge	session-continuity	5eefbf448b8bca7f12ec780126be73d1362094a3b0b31280a7f78f9df334c635	plugins/forge/skills/session-continuity/SKILL.md
pack:forge	session-retrospective	2a79c0d3af90d7803cd9e4c4cb9d296a57b4235494597b01c4647685eb3b5503	plugins/forge/skills/session-retrospective/SKILL.md
pack:forge	skill-authoring-standard	7c584ab8fee5c2936e5606aff4546433de73aa522db612c32ef09ff64fe0046a	plugins/forge/skills/skill-authoring-standard/SKILL.md
pack:forge	skill-evolution	16652c8d31cdc3176ac8ec2379e38fd69d577301284e4c1b72da251361f8dfab	plugins/forge/skills/skill-evolution/SKILL.md
pack:forge	skill-routing	735bcddc31df099b2f6f0882f525d116953e20effa0918080ac768b746895aa7	plugins/forge/skills/skill-routing/SKILL.md
pack:forge	subagent-orchestration	c67bfb4a1af606b0af928009e45b14a2d6a8ea2417ba3e21ef0a860d3df3ff1a	plugins/forge/skills/subagent-orchestration/SKILL.md
pack:forge	system-architecture	28ba25cd3be2478be1399b394ef4fd3ed71c5607ad182c06dadc1acbfe9af543	plugins/forge/skills/system-architecture/SKILL.md
pack:forge	systematic-debugging	868e9ba56da4ff9a85f0d4d19fcace31ce4be318917295a6d92ebbc836026cc6	plugins/forge/skills/systematic-debugging/SKILL.md
pack:forge	tdd-cycle	9417333de4896351e787fb1e52cde4ed421d43011f3e45d8cc26765033a1c9e7	plugins/forge/skills/tdd-cycle/SKILL.md
pack:forge	test-discipline	a50555fe3bffd7813863dbfb5e0d820c6dfe61234781b33861f2a804ac3e213f	plugins/forge/skills/test-discipline/SKILL.md
pack:forge	transcript-forensics	256167f4510a3f520bba85bcd7013c46430f8164a58e7629ba432fb69dd959d9	plugins/forge/skills/transcript-forensics/SKILL.md
pack:forge	verification-driver	77b60c3ca58ae9266afa34e9252ff3d13651a022b9f0ba15892069276e0dfcf4	plugins/forge/skills/verification-driver/SKILL.md
pack:forge-design	ai-generated-ui-review	1dfb70632b626cd7f8339f88b3faefa9ef29d866d250dbd33063356c06a87186	plugins/forge-design/skills/ai-generated-ui-review/SKILL.md
pack:forge-design	ai-ui-generation-workflow	76a25918084bcf82a9710e6265606eefa5cb68103394df987f1f4b7dc3a58e25	plugins/forge-design/skills/ai-ui-generation-workflow/SKILL.md
pack:forge-design	design-artifact-standards	5341944a2739848e66fdf411ded28caf2967d311cc51086fb3da8f3c3b94bdd1	plugins/forge-design/skills/design-artifact-standards/SKILL.md
pack:forge-design	design-audit	65491c69d6ad8a881f19b71ab14c5937166da37929e982d5e4350a96ba8b78fa	plugins/forge-design/skills/design-audit/SKILL.md
pack:forge-design	design-review-snapshot	9375e2e7a28f2bc3f2c77289a8953f91d316fa03083c037cc6d8fad57a844329	plugins/forge-design/skills/design-review-snapshot/SKILL.md
pack:forge-design	design-system-migration	be00f862aa223bea3bcff79bcba174ec6fb266111dd1832186bb5a33efef5af2	plugins/forge-design/skills/design-system-migration/SKILL.md
pack:forge-design	design-system-workflow	5f731152cec74dccab91b3206274b6b100d384ac44c86e59c08cc52655d26b14	plugins/forge-design/skills/design-system-workflow/SKILL.md
pack:forge-design	frontend-aesthetics-execution	f6bb26079af4df4c60528d83af621dfae9fd196f57d95f07c0fe92c2c19f2b9f	plugins/forge-design/skills/frontend-aesthetics-execution/SKILL.md
pack:forge-design	frontend-code-review	2674c35a1e4ffefb34f8322b6d7b219e73f13bd0823e9c9d01123011bcc7b683	plugins/forge-design/skills/frontend-code-review/SKILL.md
pack:forge-design	frontend-feature-development	25b8bd5bc64cb887281b0220fcbbb0bb2922e95ef1b55fff47fca62bd637fce8	plugins/forge-design/skills/frontend-feature-development/SKILL.md
pack:forge-design	frontend-stack-selection	9917717dcb1e74fef5e2f502fa8d54141d9598ec7527b2dbde86dca52d4678df	plugins/forge-design/skills/frontend-stack-selection/SKILL.md
pack:forge-design	ui-iteration-feedback-loop	dce45a1ec5c78d798cdcc13c1bdc9a194724e18d343b73445555120df1af49df	plugins/forge-design/skills/ui-iteration-feedback-loop/SKILL.md
